{
  "version": 4,
  "terraform_version": "1.1.9",
  "serial": 13,
  "lineage": "b7b97413-e290-94d7-7a4e-01c6bc57539f",
  "outputs": {
    "public_ip_address": {
      "value": "20.121.11.21",
      "type": "string"
    },
    "resource_group_name": {
      "value": "rg-causal-kite",
      "type": "string"
    },
    "tls_private_key": {
      "value": "-----BEGIN RSA PRIVATE KEY-----\nMIIJKAIBAAKCAgEA0ObVq+H6WYAbOPScuFaYqs0Lq9YY1SfasHQyricyGZK58QWX\ne7/SdcA3eeGUXYuz4FDKDywsmy0TG3zqHnCVgJDp0goA6v1q3mq7PQX+AXe0zxtX\nPYUDwOU3AyDvnNT91m+tLGDZjeSwbLO4jiNgDPTlKEZQ7RASjEeG7+xHIwxLpwCh\nWYVWZ2vepS8jhHYgv8x5YWad1nKjaxLldqwg6VqANV3VJxfW3ySD7ewV2biD7aKx\nbrb36IeQmx4wNy9YX7MTNwTE5/Kk0slEvqYeRjvRNdzi6NjHxrHaTw0O971Ujmoi\n1/u9YfzMY5ecm9SvyuLuJBXkVjQix7nTJqjTZwukalprWBKyMsFVzcGBAhFvoZo7\n6Gi+T3K8SCY1F13R+RPzMssU67qzHKlkh+KFTWdVDhBK+S2TPLGaf2mHuxtN8ygo\nRUlwkCJPVmAhSC/5OZQuj/6b58w1pM9BRxu8jXT47GcyDcKdfcwjb7zu1XOOa6zt\nrVY3Zt1ZaJxPTymBJCGPygJCzPd13koZwE/OvhB81Cgq8qDT/7za8rbvOwAlVyqk\nQPbq6+Be0th19BiUGlHMagwg5i+eU6ELOoIlcfK5ckI9KGOUElBrPGLn2z/17io7\noU23UeLUZkPJMQBywIy2syOUpCeXV/LvVRQlgsey/ZyqOlzjtsP72DBnbwcCAwEA\nAQKCAgAPPVfHI0QtNVBHFmk8dWzLwQuh7IuBOVgV2VQ9KjTYcsDH2X2UlIjY+D3T\n0WYOcPudWKd09ecHJwGm1rUJpXLynx+/p+UrP3OFaEniiMZf+wigt0DlBwggEViz\nDLsOOOePtjPu8d3NISrRs0a6b9A5AcCZ8I9EzBBeVXV9mUITR3lZZI1gx35nKxJi\nAI9ZwXhgJZ2RQngvRcuwKv+8aZA5FdYWjpLXOED/pF1PhRKPAIv3URAaoJRzTTh6\naHhh/j03NgwnzlxDA4uMqQwv0FSTERgREt0m2XGxiBYCAFTgM9qwTQPft8i4FkYe\n2ded8qUkauuujD5NH56N7Xt+7YAGeZ60JGfpdoLjtuHdAYvaGY+fuig7L+88xI9d\nXPRgWR1N0Sx5wv0x1hb/7T2H5/5qrY+VCRQl62yNqaFqLwPJihTwt2jJ65AvBbk+\n3dJ12UhWUH6OW4LqQlXpghPOxN8BbcpY7mwRxNMblJKAnh3pkKnlB1V/YSgNk9dG\n5DyOJA2q7wdriSo9xziAQtm6GyxYHeK8c95kX4rugfBk0O91WUN7SB3QcdLGzM0K\no8VRyYLITjh7UA8140zKWJ/dahouCYeByCEeTk7HgNbWwSMwoveEhnQFVGo8iOpb\nWNixjXBWHqbE9I530ROP27djL3z2nVp+14c1JAcjNMElmrPjOQKCAQEA2P0bAXRa\njfK6u88GggejWkl8accdjHhurfa3FEbsk2FCLSkYgzXpWvEtyZgt+VHfl21FJ7EB\nLKC/gblFiUaB6uUYayjS6NaT80IeyHli/wjDth8suy3vpBXiugM0Fd3a/JIFW5VQ\nQgtMIMD46QKO6K9ENBelN4bQFoKK+BPvUiPzRo7g0JgsWO4pPKXiOjeh+1sevQJk\ne9OAZrSNsv2m+s/lujPPFPMP8zDtnCS3drxdWMgf19e5RsaLvF7zHT1C31vwkaWT\n/SNfN1Tmw9dimLAADKTu2gl40QisV4Mdg6CAJUZpsB6Dd4STp8ittJOjp4bXeBb6\nDcTI6auZGqzgzQKCAQEA9nWGi/2VWa27tw08izHaOOdtpdRn5l7K4STGOTFnYLT9\nBTAAtvrct2uCl8Fd2F7Rdgrg6kBjOWmD+jkoSkanxGIQo8A+5sfJ2y90XNh6fTs7\nMNkZy7AOeMELfn7fUL0ASFSNJ7k3Usvk5xVLlWg/+qZOOf/P+CrmkJsR7YLxuDX/\nExmeXCPNrf1fvHBxZIuirt45NvXIB82uJFuvbPwchcxI0eLyu2dcTBHr1OxvS4z/\nsKKKiWUTSZ3Pa8GkMJ1tXUg7guxfQqrcIlUOyD5fKE8dE4vkfk3lwGmruPmlSMf+\nmPlUkix7oc9bVHRoJJvFnwPtD/UmU7X3w7LN2Dt/IwKCAQBvEY+jPPWlNxvSSnQg\nVtyMuJTQaDV905+DuIeZ/3vVLLF9AE4ly5C5Fj7Ds/vEZN44WpxNZtMdDuM3+afY\nTpjtrXrET082E7ADklLDdy7vMINNU8PHxAmoSfOWF1Gv57HSGsRXTqSYScQb9+rx\nCngwLpaQu5G8TGtzOjr8JOgZeYFrGnOFEn+Qvcep3ZdhCV0Glmuzf+gDYg2VhNIL\nTr8MHyKOHzrelFQTvXXCuSCXzG9TpIx4JVoXGkYok8mJq/Pw9NS9GK4ZouN4JSNC\nF5vGYECGOF5yiOqoxPHCkcCnwZ4WdmZe2h+dK+WQuq3/gpsAg4sDU2+HYLUettFV\n0Cv5AoIBAQCKBpG+jtr4qVqqjqgskFPVcI6ww38YvlfCtVSqLSfnOhVFtXeBAodf\n1b8CfFGxXpDSGg+SQVMQkS5PkXkl9+H3ErCc9IqFtrgun6n8YWRgBC8HEV7n+wZv\nzDVCt40ba23gFDIlYA5CuVvNqth0qTjDiCXhR4nSQzxzGdV1fdMfxmW+7acJlSeY\nXIEkSJjIpYcLhfrm88j9zcvMIujhEWRr7leN7Brip2VCWPsJeQxvdFyyMKWDgu7F\nWLMUdxMcAt5/0nc5wGUtMgEs3RP1QzEJoxz2mG7z6W5VTxjT9EQDubW1OFWLs4vd\nuAI/Dx5P+kk33/wA5tt7IDrNB7NOeSufAoIBAAz1Fhp5d9usPZzHxmxCHDR5EA4k\nBoS2kP8H3eGRawUsF4QlUokCEc3gDIxWKoLhcNLgWhufQr168UQFcPjUg6FS3w0/\n0wyWwzBjl1xRnAhM63nXRHGkDbTopnaiBalWme+vO42vyYYFCKfeB58J3PoQyD2U\nQapuT4KGmymUBTxLh7rthgH4320mKRlO10udrb7Wuju0fqPB1wOa9xtDPhAY5Qu6\nkuDHbj6CeUZ9escm/O93NTOaAwubIZr/vIvrrQjIpNNgyuKhU47Hq48/3CC5j8pe\nH6L/f6C7qR9FtdCjyFO93t/BYvaNc+aat2ZOE5sn6yJjQSOe4Z7oJDUnd5w=\n-----END RSA PRIVATE KEY-----\n",
      "type": "string",
      "sensitive": true
    }
  },
  "resources": [
    {
      "mode": "managed",
      "type": "azurerm_linux_virtual_machine",
      "name": "myterraformvm",
      "provider": "provider[\"registry.terraform.io/hashicorp/azurerm\"]",
      "instances": [
        {
          "schema_version": 0,
          "attributes": {
            "additional_capabilities": [],
            "admin_password": null,
            "admin_ssh_key": [
              {
                "public_key": "ssh-rsa AAAAB3NzaC1yc2EAAAADAQABAAACAQDQ5tWr4fpZgBs49Jy4VpiqzQur1hjVJ9qwdDKuJzIZkrnxBZd7v9J1wDd54ZRdi7PgUMoPLCybLRMbfOoecJWAkOnSCgDq/Wrears9Bf4Bd7TPG1c9hQPA5TcDIO+c1P3Wb60sYNmN5LBss7iOI2AM9OUoRlDtEBKMR4bv7EcjDEunAKFZhVZna96lLyOEdiC/zHlhZp3WcqNrEuV2rCDpWoA1XdUnF9bfJIPt7BXZuIPtorFutvfoh5CbHjA3L1hfsxM3BMTn8qTSyUS+ph5GO9E13OLo2MfGsdpPDQ73vVSOaiLX+71h/Mxjl5yb1K/K4u4kFeRWNCLHudMmqNNnC6RqWmtYErIywVXNwYECEW+hmjvoaL5PcrxIJjUXXdH5E/MyyxTrurMcqWSH4oVNZ1UOEEr5LZM8sZp/aYe7G03zKChFSXCQIk9WYCFIL/k5lC6P/pvnzDWkz0FHG7yNdPjsZzINwp19zCNvvO7Vc45rrO2tVjdm3VlonE9PKYEkIY/KAkLM93XeShnAT86+EHzUKCryoNP/vNrytu87ACVXKqRA9urr4F7S2HX0GJQaUcxqDCDmL55ToQs6giVx8rlyQj0oY5QSUGs8YufbP/XuKjuhTbdR4tRmQ8kxAHLAjLazI5SkJ5dX8u9VFCWCx7L9nKo6XOO2w/vYMGdvBw==\n",
                "username": "azureuser"
              }
            ],
            "admin_username": "azureuser",
            "allow_extension_operations": true,
            "availability_set_id": "",
            "boot_diagnostics": [
              {
                "storage_account_uri": "https://diagf02f53df2f6c8a28.blob.core.windows.net/"
              }
            ],
            "computer_name": "myvm",
            "custom_data": null,
            "dedicated_host_group_id": "",
            "dedicated_host_id": "",
            "disable_password_authentication": true,
            "encryption_at_host_enabled": false,
            "eviction_policy": "",
            "extensions_time_budget": "PT1H30M",
            "id": "/subscriptions/eec05c49-0e0a-4e98-85b3-cd3b39e737a8/resourceGroups/rg-causal-kite/providers/Microsoft.Compute/virtualMachines/myVM",
            "identity": [],
            "license_type": "",
            "location": "eastus",
            "max_bid_price": -1,
            "name": "myVM",
            "network_interface_ids": [
              "/subscriptions/eec05c49-0e0a-4e98-85b3-cd3b39e737a8/resourceGroups/rg-causal-kite/providers/Microsoft.Network/networkInterfaces/myNIC"
            ],
            "os_disk": [
              {
                "caching": "ReadWrite",
                "diff_disk_settings": [],
                "disk_encryption_set_id": "",
                "disk_size_gb": 30,
                "name": "myOsDisk",
                "storage_account_type": "Premium_LRS",
                "write_accelerator_enabled": false
              }
            ],
            "patch_mode": "ImageDefault",
            "plan": [],
            "platform_fault_domain": -1,
            "priority": "Regular",
            "private_ip_address": "10.0.1.4",
            "private_ip_addresses": [
              "10.0.1.4"
            ],
            "provision_vm_agent": true,
            "proximity_placement_group_id": "",
            "public_ip_address": "20.121.11.21",
            "public_ip_addresses": [
              "20.121.11.21"
            ],
            "resource_group_name": "rg-causal-kite",
            "secret": [],
            "secure_boot_enabled": false,
            "size": "Standard_DS1_v2",
            "source_image_id": "",
            "source_image_reference": [
              {
                "offer": "UbuntuServer",
                "publisher": "Canonical",
                "sku": "18.04-LTS",
                "version": "latest"
              }
            ],
            "tags": null,
            "timeouts": null,
            "user_data": "",
            "virtual_machine_id": "c9124e69-43e2-49d6-80de-5184063766af",
            "virtual_machine_scale_set_id": "",
            "vtpm_enabled": false,
            "zone": ""
          },
          "sensitive_attributes": [],
          "private": "eyJlMmJmYjczMC1lY2FhLTExZTYtOGY4OC0zNDM2M2JjN2M0YzAiOnsiY3JlYXRlIjoyNzAwMDAwMDAwMDAwLCJkZWxldGUiOjI3MDAwMDAwMDAwMDAsInJlYWQiOjMwMDAwMDAwMDAwMCwidXBkYXRlIjoyNzAwMDAwMDAwMDAwfX0=",
          "dependencies": [
            "azurerm_network_interface.myterraformnic",
            "azurerm_public_ip.myterraformpublicip",
            "azurerm_resource_group.rg",
            "azurerm_storage_account.mystorageaccount",
            "azurerm_subnet.myterraformsubnet",
            "azurerm_virtual_network.myterraformnetwork",
            "random_id.randomId",
            "random_pet.rg-name",
            "tls_private_key.example_ssh"
          ]
        }
      ]
    },
    {
      "mode": "managed",
      "type": "azurerm_network_interface",
      "name": "myterraformnic",
      "provider": "provider[\"registry.terraform.io/hashicorp/azurerm\"]",
      "instances": [
        {
          "schema_version": 0,
          "attributes": {
            "applied_dns_servers": [],
            "dns_servers": [],
            "enable_accelerated_networking": false,
            "enable_ip_forwarding": false,
            "id": "/subscriptions/eec05c49-0e0a-4e98-85b3-cd3b39e737a8/resourceGroups/rg-causal-kite/providers/Microsoft.Network/networkInterfaces/myNIC",
            "internal_dns_name_label": "",
            "internal_domain_name_suffix": "4trqoltxkzxurj0op3fqp5hvjg.bx.internal.cloudapp.net",
            "ip_configuration": [
              {
                "gateway_load_balancer_frontend_ip_configuration_id": "",
                "name": "myNicConfiguration",
                "primary": true,
                "private_ip_address": "10.0.1.4",
                "private_ip_address_allocation": "Dynamic",
                "private_ip_address_version": "IPv4",
                "public_ip_address_id": "/subscriptions/eec05c49-0e0a-4e98-85b3-cd3b39e737a8/resourceGroups/rg-causal-kite/providers/Microsoft.Network/publicIPAddresses/myPublicIP",
                "subnet_id": "/subscriptions/eec05c49-0e0a-4e98-85b3-cd3b39e737a8/resourceGroups/rg-causal-kite/providers/Microsoft.Network/virtualNetworks/myVnet/subnets/mySubnet"
              }
            ],
            "location": "eastus",
            "mac_address": "",
            "name": "myNIC",
            "private_ip_address": "10.0.1.4",
            "private_ip_addresses": [
              "10.0.1.4"
            ],
            "resource_group_name": "rg-causal-kite",
            "tags": null,
            "timeouts": null,
            "virtual_machine_id": ""
          },
          "sensitive_attributes": [],
          "private": "eyJlMmJmYjczMC1lY2FhLTExZTYtOGY4OC0zNDM2M2JjN2M0YzAiOnsiY3JlYXRlIjoxODAwMDAwMDAwMDAwLCJkZWxldGUiOjE4MDAwMDAwMDAwMDAsInJlYWQiOjMwMDAwMDAwMDAwMCwidXBkYXRlIjoxODAwMDAwMDAwMDAwfX0=",
          "dependencies": [
            "azurerm_public_ip.myterraformpublicip",
            "azurerm_resource_group.rg",
            "azurerm_subnet.myterraformsubnet",
            "azurerm_virtual_network.myterraformnetwork",
            "random_pet.rg-name"
          ]
        }
      ]
    },
    {
      "mode": "managed",
      "type": "azurerm_network_interface_security_group_association",
      "name": "example",
      "provider": "provider[\"registry.terraform.io/hashicorp/azurerm\"]",
      "instances": [
        {
          "schema_version": 0,
          "attributes": {
            "id": "/subscriptions/eec05c49-0e0a-4e98-85b3-cd3b39e737a8/resourceGroups/rg-causal-kite/providers/Microsoft.Network/networkInterfaces/myNIC|/subscriptions/eec05c49-0e0a-4e98-85b3-cd3b39e737a8/resourceGroups/rg-causal-kite/providers/Microsoft.Network/networkSecurityGroups/myNetworkSecurityGroup",
            "network_interface_id": "/subscriptions/eec05c49-0e0a-4e98-85b3-cd3b39e737a8/resourceGroups/rg-causal-kite/providers/Microsoft.Network/networkInterfaces/myNIC",
            "network_security_group_id": "/subscriptions/eec05c49-0e0a-4e98-85b3-cd3b39e737a8/resourceGroups/rg-causal-kite/providers/Microsoft.Network/networkSecurityGroups/myNetworkSecurityGroup",
            "timeouts": null
          },
          "sensitive_attributes": [],
          "private": "eyJlMmJmYjczMC1lY2FhLTExZTYtOGY4OC0zNDM2M2JjN2M0YzAiOnsiY3JlYXRlIjoxODAwMDAwMDAwMDAwLCJkZWxldGUiOjE4MDAwMDAwMDAwMDAsInJlYWQiOjMwMDAwMDAwMDAwMCwidXBkYXRlIjoxODAwMDAwMDAwMDAwfX0=",
          "dependencies": [
            "azurerm_network_interface.myterraformnic",
            "azurerm_network_security_group.myterraformnsg",
            "azurerm_public_ip.myterraformpublicip",
            "azurerm_resource_group.rg",
            "azurerm_subnet.myterraformsubnet",
            "azurerm_virtual_network.myterraformnetwork",
            "random_pet.rg-name"
          ]
        }
      ]
    },
    {
      "mode": "managed",
      "type": "azurerm_network_security_group",
      "name": "myterraformnsg",
      "provider": "provider[\"registry.terraform.io/hashicorp/azurerm\"]",
      "instances": [
        {
          "schema_version": 0,
          "attributes": {
            "id": "/subscriptions/eec05c49-0e0a-4e98-85b3-cd3b39e737a8/resourceGroups/rg-causal-kite/providers/Microsoft.Network/networkSecurityGroups/myNetworkSecurityGroup",
            "location": "eastus",
            "name": "myNetworkSecurityGroup",
            "resource_group_name": "rg-causal-kite",
            "security_rule": [
              {
                "access": "Allow",
                "description": "",
                "destination_address_prefix": "*",
                "destination_address_prefixes": [],
                "destination_application_security_group_ids": [],
                "destination_port_range": "22",
                "destination_port_ranges": [],
                "direction": "Inbound",
                "name": "SSH",
                "priority": 1001,
                "protocol": "Tcp",
                "source_address_prefix": "*",
                "source_address_prefixes": [],
                "source_application_security_group_ids": [],
                "source_port_range": "*",
                "source_port_ranges": []
              }
            ],
            "tags": null,
            "timeouts": null
          },
          "sensitive_attributes": [],
          "private": "eyJlMmJmYjczMC1lY2FhLTExZTYtOGY4OC0zNDM2M2JjN2M0YzAiOnsiY3JlYXRlIjoxODAwMDAwMDAwMDAwLCJkZWxldGUiOjE4MDAwMDAwMDAwMDAsInJlYWQiOjMwMDAwMDAwMDAwMCwidXBkYXRlIjoxODAwMDAwMDAwMDAwfX0=",
          "dependencies": [
            "azurerm_resource_group.rg",
            "random_pet.rg-name"
          ]
        }
      ]
    },
    {
      "mode": "managed",
      "type": "azurerm_public_ip",
      "name": "myterraformpublicip",
      "provider": "provider[\"registry.terraform.io/hashicorp/azurerm\"]",
      "instances": [
        {
          "schema_version": 0,
          "attributes": {
            "allocation_method": "Dynamic",
            "availability_zone": "No-Zone",
            "domain_name_label": null,
            "fqdn": null,
            "id": "/subscriptions/eec05c49-0e0a-4e98-85b3-cd3b39e737a8/resourceGroups/rg-causal-kite/providers/Microsoft.Network/publicIPAddresses/myPublicIP",
            "idle_timeout_in_minutes": 4,
            "ip_address": "",
            "ip_tags": null,
            "ip_version": "IPv4",
            "location": "eastus",
            "name": "myPublicIP",
            "public_ip_prefix_id": null,
            "resource_group_name": "rg-causal-kite",
            "reverse_fqdn": null,
            "sku": "Basic",
            "sku_tier": "Regional",
            "tags": null,
            "timeouts": null,
            "zones": []
          },
          "sensitive_attributes": [],
          "private": "eyJlMmJmYjczMC1lY2FhLTExZTYtOGY4OC0zNDM2M2JjN2M0YzAiOnsiY3JlYXRlIjoxODAwMDAwMDAwMDAwLCJkZWxldGUiOjE4MDAwMDAwMDAwMDAsInJlYWQiOjMwMDAwMDAwMDAwMCwidXBkYXRlIjoxODAwMDAwMDAwMDAwfX0=",
          "dependencies": [
            "azurerm_resource_group.rg",
            "random_pet.rg-name"
          ]
        }
      ]
    },
    {
      "mode": "managed",
      "type": "azurerm_resource_group",
      "name": "rg",
      "provider": "provider[\"registry.terraform.io/hashicorp/azurerm\"]",
      "instances": [
        {
          "schema_version": 0,
          "attributes": {
            "id": "/subscriptions/eec05c49-0e0a-4e98-85b3-cd3b39e737a8/resourceGroups/rg-causal-kite",
            "location": "eastus",
            "name": "rg-causal-kite",
            "tags": null,
            "timeouts": null
          },
          "sensitive_attributes": [],
          "private": "eyJlMmJmYjczMC1lY2FhLTExZTYtOGY4OC0zNDM2M2JjN2M0YzAiOnsiY3JlYXRlIjo1NDAwMDAwMDAwMDAwLCJkZWxldGUiOjU0MDAwMDAwMDAwMDAsInJlYWQiOjMwMDAwMDAwMDAwMCwidXBkYXRlIjo1NDAwMDAwMDAwMDAwfX0=",
          "dependencies": [
            "random_pet.rg-name"
          ]
        }
      ]
    },
    {
      "mode": "managed",
      "type": "azurerm_storage_account",
      "name": "mystorageaccount",
      "provider": "provider[\"registry.terraform.io/hashicorp/azurerm\"]",
      "instances": [
        {
          "schema_version": 2,
          "attributes": {
            "access_tier": "Hot",
            "account_kind": "StorageV2",
            "account_replication_type": "LRS",
            "account_tier": "Standard",
            "allow_blob_public_access": false,
            "azure_files_authentication": [],
            "blob_properties": [
              {
                "change_feed_enabled": false,
                "container_delete_retention_policy": [],
                "cors_rule": [],
                "default_service_version": "",
                "delete_retention_policy": [],
                "last_access_time_enabled": false,
                "versioning_enabled": false
              }
            ],
            "custom_domain": [],
            "customer_managed_key": [],
            "enable_https_traffic_only": true,
            "id": "/subscriptions/eec05c49-0e0a-4e98-85b3-cd3b39e737a8/resourceGroups/rg-causal-kite/providers/Microsoft.Storage/storageAccounts/diagf02f53df2f6c8a28",
            "identity": [],
            "infrastructure_encryption_enabled": false,
            "is_hns_enabled": false,
            "large_file_share_enabled": null,
            "location": "eastus",
            "min_tls_version": "TLS1_0",
            "name": "diagf02f53df2f6c8a28",
            "network_rules": [
              {
                "bypass": [
                  "AzureServices"
                ],
                "default_action": "Allow",
                "ip_rules": [],
                "private_link_access": [],
                "virtual_network_subnet_ids": []
              }
            ],
            "nfsv3_enabled": false,
            "primary_access_key": "HkEcM0yAb6+DaYwq8tWQQo28xlEKmpTjegQHcGhWsZlaFW51jAbzVLSGYebJjslQ+/vYbJIFRgVR+AStiwoqGQ==",
            "primary_blob_connection_string": "DefaultEndpointsProtocol=https;BlobEndpoint=https://diagf02f53df2f6c8a28.blob.core.windows.net/;AccountName=diagf02f53df2f6c8a28;AccountKey=HkEcM0yAb6+DaYwq8tWQQo28xlEKmpTjegQHcGhWsZlaFW51jAbzVLSGYebJjslQ+/vYbJIFRgVR+AStiwoqGQ==",
            "primary_blob_endpoint": "https://diagf02f53df2f6c8a28.blob.core.windows.net/",
            "primary_blob_host": "diagf02f53df2f6c8a28.blob.core.windows.net",
            "primary_connection_string": "DefaultEndpointsProtocol=https;AccountName=diagf02f53df2f6c8a28;AccountKey=HkEcM0yAb6+DaYwq8tWQQo28xlEKmpTjegQHcGhWsZlaFW51jAbzVLSGYebJjslQ+/vYbJIFRgVR+AStiwoqGQ==;EndpointSuffix=core.windows.net",
            "primary_dfs_endpoint": "https://diagf02f53df2f6c8a28.dfs.core.windows.net/",
            "primary_dfs_host": "diagf02f53df2f6c8a28.dfs.core.windows.net",
            "primary_file_endpoint": "https://diagf02f53df2f6c8a28.file.core.windows.net/",
            "primary_file_host": "diagf02f53df2f6c8a28.file.core.windows.net",
            "primary_location": "eastus",
            "primary_queue_endpoint": "https://diagf02f53df2f6c8a28.queue.core.windows.net/",
            "primary_queue_host": "diagf02f53df2f6c8a28.queue.core.windows.net",
            "primary_table_endpoint": "https://diagf02f53df2f6c8a28.table.core.windows.net/",
            "primary_table_host": "diagf02f53df2f6c8a28.table.core.windows.net",
            "primary_web_endpoint": "https://diagf02f53df2f6c8a28.z13.web.core.windows.net/",
            "primary_web_host": "diagf02f53df2f6c8a28.z13.web.core.windows.net",
            "queue_encryption_key_type": "Service",
            "queue_properties": [
              {
                "cors_rule": [],
                "hour_metrics": [
                  {
                    "enabled": true,
                    "include_apis": true,
                    "retention_policy_days": 7,
                    "version": "1.0"
                  }
                ],
                "logging": [
                  {
                    "delete": false,
                    "read": false,
                    "retention_policy_days": 0,
                    "version": "1.0",
                    "write": false
                  }
                ],
                "minute_metrics": [
                  {
                    "enabled": false,
                    "include_apis": false,
                    "retention_policy_days": 0,
                    "version": "1.0"
                  }
                ]
              }
            ],
            "resource_group_name": "rg-causal-kite",
            "routing": [],
            "secondary_access_key": "Ln495jb7q37ajz1uMhjq608Htzppd8EP3LQ/QNYixjfhULY5HhhJIwXGs4WptT4cMRI0eNqkrfm1+AStAa0N/A==",
            "secondary_blob_connection_string": "",
            "secondary_blob_endpoint": null,
            "secondary_blob_host": null,
            "secondary_connection_string": "DefaultEndpointsProtocol=https;AccountName=diagf02f53df2f6c8a28;AccountKey=Ln495jb7q37ajz1uMhjq608Htzppd8EP3LQ/QNYixjfhULY5HhhJIwXGs4WptT4cMRI0eNqkrfm1+AStAa0N/A==;EndpointSuffix=core.windows.net",
            "secondary_dfs_endpoint": null,
            "secondary_dfs_host": null,
            "secondary_file_endpoint": null,
            "secondary_file_host": null,
            "secondary_location": "",
            "secondary_queue_endpoint": null,
            "secondary_queue_host": null,
            "secondary_table_endpoint": null,
            "secondary_table_host": null,
            "secondary_web_endpoint": null,
            "secondary_web_host": null,
            "share_properties": [
              {
                "cors_rule": [],
                "retention_policy": [
                  {
                    "days": 7
                  }
                ],
                "smb": []
              }
            ],
            "shared_access_key_enabled": true,
            "static_website": [],
            "table_encryption_key_type": "Service",
            "tags": null,
            "timeouts": null
          },
          "sensitive_attributes": [],
          "private": "eyJlMmJmYjczMC1lY2FhLTExZTYtOGY4OC0zNDM2M2JjN2M0YzAiOnsiY3JlYXRlIjozNjAwMDAwMDAwMDAwLCJkZWxldGUiOjM2MDAwMDAwMDAwMDAsInJlYWQiOjMwMDAwMDAwMDAwMCwidXBkYXRlIjozNjAwMDAwMDAwMDAwfSwic2NoZW1hX3ZlcnNpb24iOiIyIn0=",
          "dependencies": [
            "azurerm_resource_group.rg",
            "random_id.randomId",
            "random_pet.rg-name"
          ]
        }
      ]
    },
    {
      "mode": "managed",
      "type": "azurerm_subnet",
      "name": "myterraformsubnet",
      "provider": "provider[\"registry.terraform.io/hashicorp/azurerm\"]",
      "instances": [
        {
          "schema_version": 0,
          "attributes": {
            "address_prefix": "10.0.1.0/24",
            "address_prefixes": [
              "10.0.1.0/24"
            ],
            "delegation": [],
            "enforce_private_link_endpoint_network_policies": false,
            "enforce_private_link_service_network_policies": false,
            "id": "/subscriptions/eec05c49-0e0a-4e98-85b3-cd3b39e737a8/resourceGroups/rg-causal-kite/providers/Microsoft.Network/virtualNetworks/myVnet/subnets/mySubnet",
            "name": "mySubnet",
            "resource_group_name": "rg-causal-kite",
            "service_endpoint_policy_ids": null,
            "service_endpoints": null,
            "timeouts": null,
            "virtual_network_name": "myVnet"
          },
          "sensitive_attributes": [],
          "private": "eyJlMmJmYjczMC1lY2FhLTExZTYtOGY4OC0zNDM2M2JjN2M0YzAiOnsiY3JlYXRlIjoxODAwMDAwMDAwMDAwLCJkZWxldGUiOjE4MDAwMDAwMDAwMDAsInJlYWQiOjMwMDAwMDAwMDAwMCwidXBkYXRlIjoxODAwMDAwMDAwMDAwfX0=",
          "dependencies": [
            "azurerm_resource_group.rg",
            "azurerm_virtual_network.myterraformnetwork",
            "random_pet.rg-name"
          ]
        }
      ]
    },
    {
      "mode": "managed",
      "type": "azurerm_virtual_network",
      "name": "myterraformnetwork",
      "provider": "provider[\"registry.terraform.io/hashicorp/azurerm\"]",
      "instances": [
        {
          "schema_version": 0,
          "attributes": {
            "address_space": [
              "10.0.0.0/16"
            ],
            "bgp_community": "",
            "ddos_protection_plan": [],
            "dns_servers": [],
            "flow_timeout_in_minutes": 0,
            "guid": "2e07e3f4-5677-486f-a74e-7f4b07fcf54e",
            "id": "/subscriptions/eec05c49-0e0a-4e98-85b3-cd3b39e737a8/resourceGroups/rg-causal-kite/providers/Microsoft.Network/virtualNetworks/myVnet",
            "location": "eastus",
            "name": "myVnet",
            "resource_group_name": "rg-causal-kite",
            "subnet": [],
            "tags": null,
            "timeouts": null,
            "vm_protection_enabled": false
          },
          "sensitive_attributes": [],
          "private": "eyJlMmJmYjczMC1lY2FhLTExZTYtOGY4OC0zNDM2M2JjN2M0YzAiOnsiY3JlYXRlIjoxODAwMDAwMDAwMDAwLCJkZWxldGUiOjE4MDAwMDAwMDAwMDAsInJlYWQiOjMwMDAwMDAwMDAwMCwidXBkYXRlIjoxODAwMDAwMDAwMDAwfX0=",
          "dependencies": [
            "azurerm_resource_group.rg",
            "random_pet.rg-name"
          ]
        }
      ]
    },
    {
      "mode": "managed",
      "type": "random_id",
      "name": "randomId",
      "provider": "provider[\"registry.terraform.io/hashicorp/random\"]",
      "instances": [
        {
          "schema_version": 0,
          "attributes": {
            "b64_std": "8C9T3y9siig=",
            "b64_url": "8C9T3y9siig",
            "byte_length": 8,
            "dec": "17307144111046560296",
            "hex": "f02f53df2f6c8a28",
            "id": "8C9T3y9siig",
            "keepers": {
              "resource_group": "rg-causal-kite"
            },
            "prefix": null
          },
          "sensitive_attributes": [],
          "private": "bnVsbA==",
          "dependencies": [
            "azurerm_resource_group.rg",
            "random_pet.rg-name"
          ]
        }
      ]
    },
    {
      "mode": "managed",
      "type": "random_pet",
      "name": "rg-name",
      "provider": "provider[\"registry.terraform.io/hashicorp/random\"]",
      "instances": [
        {
          "schema_version": 0,
          "attributes": {
            "id": "rg-causal-kite",
            "keepers": null,
            "length": 2,
            "prefix": "rg",
            "separator": "-"
          },
          "sensitive_attributes": [],
          "private": "bnVsbA=="
        }
      ]
    },
    {
      "mode": "managed",
      "type": "tls_private_key",
      "name": "example_ssh",
      "provider": "provider[\"registry.terraform.io/hashicorp/tls\"]",
      "instances": [
        {
          "schema_version": 0,
          "attributes": {
            "algorithm": "RSA",
            "ecdsa_curve": "P224",
            "id": "2ba30810de060034e88263ff771619fe7b96f330",
            "private_key_openssh": "-----BEGIN OPENSSH PRIVATE KEY-----\nb3BlbnNzaC1rZXktdjEAAAAABG5vbmUAAAAEbm9uZQAAAAAAAAABAAACFwAAAAdz\nc2gtcnNhAAAAAwEAAQAAAgEA0ObVq+H6WYAbOPScuFaYqs0Lq9YY1SfasHQyricy\nGZK58QWXe7/SdcA3eeGUXYuz4FDKDywsmy0TG3zqHnCVgJDp0goA6v1q3mq7PQX+\nAXe0zxtXPYUDwOU3AyDvnNT91m+tLGDZjeSwbLO4jiNgDPTlKEZQ7RASjEeG7+xH\nIwxLpwChWYVWZ2vepS8jhHYgv8x5YWad1nKjaxLldqwg6VqANV3VJxfW3ySD7ewV\n2biD7aKxbrb36IeQmx4wNy9YX7MTNwTE5/Kk0slEvqYeRjvRNdzi6NjHxrHaTw0O\n971Ujmoi1/u9YfzMY5ecm9SvyuLuJBXkVjQix7nTJqjTZwukalprWBKyMsFVzcGB\nAhFvoZo76Gi+T3K8SCY1F13R+RPzMssU67qzHKlkh+KFTWdVDhBK+S2TPLGaf2mH\nuxtN8ygoRUlwkCJPVmAhSC/5OZQuj/6b58w1pM9BRxu8jXT47GcyDcKdfcwjb7zu\n1XOOa6ztrVY3Zt1ZaJxPTymBJCGPygJCzPd13koZwE/OvhB81Cgq8qDT/7za8rbv\nOwAlVyqkQPbq6+Be0th19BiUGlHMagwg5i+eU6ELOoIlcfK5ckI9KGOUElBrPGLn\n2z/17io7oU23UeLUZkPJMQBywIy2syOUpCeXV/LvVRQlgsey/ZyqOlzjtsP72DBn\nbwcAAAc4WfsDgVn7A4EAAAAHc3NoLXJzYQAAAgEA0ObVq+H6WYAbOPScuFaYqs0L\nq9YY1SfasHQyricyGZK58QWXe7/SdcA3eeGUXYuz4FDKDywsmy0TG3zqHnCVgJDp\n0goA6v1q3mq7PQX+AXe0zxtXPYUDwOU3AyDvnNT91m+tLGDZjeSwbLO4jiNgDPTl\nKEZQ7RASjEeG7+xHIwxLpwChWYVWZ2vepS8jhHYgv8x5YWad1nKjaxLldqwg6VqA\nNV3VJxfW3ySD7ewV2biD7aKxbrb36IeQmx4wNy9YX7MTNwTE5/Kk0slEvqYeRjvR\nNdzi6NjHxrHaTw0O971Ujmoi1/u9YfzMY5ecm9SvyuLuJBXkVjQix7nTJqjTZwuk\nalprWBKyMsFVzcGBAhFvoZo76Gi+T3K8SCY1F13R+RPzMssU67qzHKlkh+KFTWdV\nDhBK+S2TPLGaf2mHuxtN8ygoRUlwkCJPVmAhSC/5OZQuj/6b58w1pM9BRxu8jXT4\n7GcyDcKdfcwjb7zu1XOOa6ztrVY3Zt1ZaJxPTymBJCGPygJCzPd13koZwE/OvhB8\n1Cgq8qDT/7za8rbvOwAlVyqkQPbq6+Be0th19BiUGlHMagwg5i+eU6ELOoIlcfK5\nckI9KGOUElBrPGLn2z/17io7oU23UeLUZkPJMQBywIy2syOUpCeXV/LvVRQlgsey\n/ZyqOlzjtsP72DBnbwcAAAADAQABAAACAA89V8cjRC01UEcWaTx1bMvBC6Hsi4E5\nWBXZVD0qNNhywMfZfZSUiNj4PdPRZg5w+51Yp3T15wcnAabWtQmlcvKfH7+n5Ss/\nc4VoSeKIxl/7CKC3QOUHCCARWLMMuw4454+2M+7x3c0hKtGzRrpv0DkBwJnwj0TM\nEF5VdX2ZQhNHeVlkjWDHfmcrEmIAj1nBeGAlnZFCeC9Fy7Aq/7xpkDkV1haOktc4\nQP+kXU+FEo8Ai/dREBqglHNNOHpoeGH+PTc2DCfOXEMDi4ypDC/QVJMRGBES3SbZ\ncbGIFgIAVOAz2rBNA9+3yLgWRh7Z153ypSRq666MPk0fno3te37tgAZ5nrQkZ+l2\nguO24d0Bi9oZj5+6KDsv7zzEj11c9GBZHU3RLHnC/THWFv/tPYfn/mqtj5UJFCXr\nbI2poWovA8mKFPC3aMnrkC8FuT7d0nXZSFZQfo5bgupCVemCE87E3wFtyljubBHE\n0xuUkoCeHemQqeUHVX9hKA2T10bkPI4kDarvB2uJKj3HOIBC2bobLFgd4rxz3mRf\niu6B8GTQ73VZQ3tIHdBx0sbMzQqjxVHJgshOOHtQDzXjTMpYn91qGi4Jh4HIIR5O\nTseA1tbBIzCi94SGdAVUajyI6ltY2LGNcFYepsT0jnfRE4/bt2MvfPadWn7XhzUk\nByM0wSWas+M5AAABAAz1Fhp5d9usPZzHxmxCHDR5EA4kBoS2kP8H3eGRawUsF4Ql\nUokCEc3gDIxWKoLhcNLgWhufQr168UQFcPjUg6FS3w0/0wyWwzBjl1xRnAhM63nX\nRHGkDbTopnaiBalWme+vO42vyYYFCKfeB58J3PoQyD2UQapuT4KGmymUBTxLh7rt\nhgH4320mKRlO10udrb7Wuju0fqPB1wOa9xtDPhAY5Qu6kuDHbj6CeUZ9escm/O93\nNTOaAwubIZr/vIvrrQjIpNNgyuKhU47Hq48/3CC5j8peH6L/f6C7qR9FtdCjyFO9\n3t/BYvaNc+aat2ZOE5sn6yJjQSOe4Z7oJDUnd5wAAAEBANj9GwF0Wo3yurvPBoIH\no1pJfGnHHYx4bq32txRG7JNhQi0pGIM16VrxLcmYLflR35dtRSexASygv4G5RYlG\ngerlGGso0ujWk/NCHsh5Yv8Iw7YfLLst76QV4roDNBXd2vySBVuVUEILTCDA+OkC\njuivRDQXpTeG0BaCivgT71Ij80aO4NCYLFjuKTyl4jo3oftbHr0CZHvTgGa0jbL9\npvrP5bozzxTzD/Mw7Zwkt3a8XVjIH9fXuUbGi7xe8x09Qt9b8JGlk/0jXzdU5sPX\nYpiwAAyk7toJeNEIrFeDHYOggCVGabAeg3eEk6fIrbSTo6eG13gW+g3EyOmrmRqs\n4M0AAAEBAPZ1hov9lVmtu7cNPIsx2jjnbaXUZ+ZeyuEkxjkxZ2C0/QUwALb63Ldr\ngpfBXdhe0XYK4OpAYzlpg/o5KEpGp8RiEKPAPubHydsvdFzYen07OzDZGcuwDnjB\nC35+31C9AEhUjSe5N1LL5OcVS5VoP/qmTjn/z/gq5pCbEe2C8bg1/xMZnlwjza39\nX7xwcWSLoq7eOTb1yAfNriRbr2z8HIXMSNHi8rtnXEwR69Tsb0uM/7CiiollE0md\nz2vBpDCdbV1IO4LsX0Kq3CJVDsg+XyhPHROL5H5N5cBpq7j5pUjH/pj5VJIse6HP\nW1R0aCSbxZ8D7Q/1JlO198Oyzdg7fyMAAAAAAQID\n-----END OPENSSH PRIVATE KEY-----\n",
            "private_key_pem": "-----BEGIN RSA PRIVATE KEY-----\nMIIJKAIBAAKCAgEA0ObVq+H6WYAbOPScuFaYqs0Lq9YY1SfasHQyricyGZK58QWX\ne7/SdcA3eeGUXYuz4FDKDywsmy0TG3zqHnCVgJDp0goA6v1q3mq7PQX+AXe0zxtX\nPYUDwOU3AyDvnNT91m+tLGDZjeSwbLO4jiNgDPTlKEZQ7RASjEeG7+xHIwxLpwCh\nWYVWZ2vepS8jhHYgv8x5YWad1nKjaxLldqwg6VqANV3VJxfW3ySD7ewV2biD7aKx\nbrb36IeQmx4wNy9YX7MTNwTE5/Kk0slEvqYeRjvRNdzi6NjHxrHaTw0O971Ujmoi\n1/u9YfzMY5ecm9SvyuLuJBXkVjQix7nTJqjTZwukalprWBKyMsFVzcGBAhFvoZo7\n6Gi+T3K8SCY1F13R+RPzMssU67qzHKlkh+KFTWdVDhBK+S2TPLGaf2mHuxtN8ygo\nRUlwkCJPVmAhSC/5OZQuj/6b58w1pM9BRxu8jXT47GcyDcKdfcwjb7zu1XOOa6zt\nrVY3Zt1ZaJxPTymBJCGPygJCzPd13koZwE/OvhB81Cgq8qDT/7za8rbvOwAlVyqk\nQPbq6+Be0th19BiUGlHMagwg5i+eU6ELOoIlcfK5ckI9KGOUElBrPGLn2z/17io7\noU23UeLUZkPJMQBywIy2syOUpCeXV/LvVRQlgsey/ZyqOlzjtsP72DBnbwcCAwEA\nAQKCAgAPPVfHI0QtNVBHFmk8dWzLwQuh7IuBOVgV2VQ9KjTYcsDH2X2UlIjY+D3T\n0WYOcPudWKd09ecHJwGm1rUJpXLynx+/p+UrP3OFaEniiMZf+wigt0DlBwggEViz\nDLsOOOePtjPu8d3NISrRs0a6b9A5AcCZ8I9EzBBeVXV9mUITR3lZZI1gx35nKxJi\nAI9ZwXhgJZ2RQngvRcuwKv+8aZA5FdYWjpLXOED/pF1PhRKPAIv3URAaoJRzTTh6\naHhh/j03NgwnzlxDA4uMqQwv0FSTERgREt0m2XGxiBYCAFTgM9qwTQPft8i4FkYe\n2ded8qUkauuujD5NH56N7Xt+7YAGeZ60JGfpdoLjtuHdAYvaGY+fuig7L+88xI9d\nXPRgWR1N0Sx5wv0x1hb/7T2H5/5qrY+VCRQl62yNqaFqLwPJihTwt2jJ65AvBbk+\n3dJ12UhWUH6OW4LqQlXpghPOxN8BbcpY7mwRxNMblJKAnh3pkKnlB1V/YSgNk9dG\n5DyOJA2q7wdriSo9xziAQtm6GyxYHeK8c95kX4rugfBk0O91WUN7SB3QcdLGzM0K\no8VRyYLITjh7UA8140zKWJ/dahouCYeByCEeTk7HgNbWwSMwoveEhnQFVGo8iOpb\nWNixjXBWHqbE9I530ROP27djL3z2nVp+14c1JAcjNMElmrPjOQKCAQEA2P0bAXRa\njfK6u88GggejWkl8accdjHhurfa3FEbsk2FCLSkYgzXpWvEtyZgt+VHfl21FJ7EB\nLKC/gblFiUaB6uUYayjS6NaT80IeyHli/wjDth8suy3vpBXiugM0Fd3a/JIFW5VQ\nQgtMIMD46QKO6K9ENBelN4bQFoKK+BPvUiPzRo7g0JgsWO4pPKXiOjeh+1sevQJk\ne9OAZrSNsv2m+s/lujPPFPMP8zDtnCS3drxdWMgf19e5RsaLvF7zHT1C31vwkaWT\n/SNfN1Tmw9dimLAADKTu2gl40QisV4Mdg6CAJUZpsB6Dd4STp8ittJOjp4bXeBb6\nDcTI6auZGqzgzQKCAQEA9nWGi/2VWa27tw08izHaOOdtpdRn5l7K4STGOTFnYLT9\nBTAAtvrct2uCl8Fd2F7Rdgrg6kBjOWmD+jkoSkanxGIQo8A+5sfJ2y90XNh6fTs7\nMNkZy7AOeMELfn7fUL0ASFSNJ7k3Usvk5xVLlWg/+qZOOf/P+CrmkJsR7YLxuDX/\nExmeXCPNrf1fvHBxZIuirt45NvXIB82uJFuvbPwchcxI0eLyu2dcTBHr1OxvS4z/\nsKKKiWUTSZ3Pa8GkMJ1tXUg7guxfQqrcIlUOyD5fKE8dE4vkfk3lwGmruPmlSMf+\nmPlUkix7oc9bVHRoJJvFnwPtD/UmU7X3w7LN2Dt/IwKCAQBvEY+jPPWlNxvSSnQg\nVtyMuJTQaDV905+DuIeZ/3vVLLF9AE4ly5C5Fj7Ds/vEZN44WpxNZtMdDuM3+afY\nTpjtrXrET082E7ADklLDdy7vMINNU8PHxAmoSfOWF1Gv57HSGsRXTqSYScQb9+rx\nCngwLpaQu5G8TGtzOjr8JOgZeYFrGnOFEn+Qvcep3ZdhCV0Glmuzf+gDYg2VhNIL\nTr8MHyKOHzrelFQTvXXCuSCXzG9TpIx4JVoXGkYok8mJq/Pw9NS9GK4ZouN4JSNC\nF5vGYECGOF5yiOqoxPHCkcCnwZ4WdmZe2h+dK+WQuq3/gpsAg4sDU2+HYLUettFV\n0Cv5AoIBAQCKBpG+jtr4qVqqjqgskFPVcI6ww38YvlfCtVSqLSfnOhVFtXeBAodf\n1b8CfFGxXpDSGg+SQVMQkS5PkXkl9+H3ErCc9IqFtrgun6n8YWRgBC8HEV7n+wZv\nzDVCt40ba23gFDIlYA5CuVvNqth0qTjDiCXhR4nSQzxzGdV1fdMfxmW+7acJlSeY\nXIEkSJjIpYcLhfrm88j9zcvMIujhEWRr7leN7Brip2VCWPsJeQxvdFyyMKWDgu7F\nWLMUdxMcAt5/0nc5wGUtMgEs3RP1QzEJoxz2mG7z6W5VTxjT9EQDubW1OFWLs4vd\nuAI/Dx5P+kk33/wA5tt7IDrNB7NOeSufAoIBAAz1Fhp5d9usPZzHxmxCHDR5EA4k\nBoS2kP8H3eGRawUsF4QlUokCEc3gDIxWKoLhcNLgWhufQr168UQFcPjUg6FS3w0/\n0wyWwzBjl1xRnAhM63nXRHGkDbTopnaiBalWme+vO42vyYYFCKfeB58J3PoQyD2U\nQapuT4KGmymUBTxLh7rthgH4320mKRlO10udrb7Wuju0fqPB1wOa9xtDPhAY5Qu6\nkuDHbj6CeUZ9escm/O93NTOaAwubIZr/vIvrrQjIpNNgyuKhU47Hq48/3CC5j8pe\nH6L/f6C7qR9FtdCjyFO93t/BYvaNc+aat2ZOE5sn6yJjQSOe4Z7oJDUnd5w=\n-----END RSA PRIVATE KEY-----\n",
            "public_key_fingerprint_md5": "8d:eb:c5:4e:13:d4:a9:53:6b:bc:26:22:a4:61:32:21",
            "public_key_fingerprint_sha256": "SHA256:iC92lNgz8vmJiCV12Y/KQhIVUYAbVXrLlioNxQ6kCvo",
            "public_key_openssh": "ssh-rsa AAAAB3NzaC1yc2EAAAADAQABAAACAQDQ5tWr4fpZgBs49Jy4VpiqzQur1hjVJ9qwdDKuJzIZkrnxBZd7v9J1wDd54ZRdi7PgUMoPLCybLRMbfOoecJWAkOnSCgDq/Wrears9Bf4Bd7TPG1c9hQPA5TcDIO+c1P3Wb60sYNmN5LBss7iOI2AM9OUoRlDtEBKMR4bv7EcjDEunAKFZhVZna96lLyOEdiC/zHlhZp3WcqNrEuV2rCDpWoA1XdUnF9bfJIPt7BXZuIPtorFutvfoh5CbHjA3L1hfsxM3BMTn8qTSyUS+ph5GO9E13OLo2MfGsdpPDQ73vVSOaiLX+71h/Mxjl5yb1K/K4u4kFeRWNCLHudMmqNNnC6RqWmtYErIywVXNwYECEW+hmjvoaL5PcrxIJjUXXdH5E/MyyxTrurMcqWSH4oVNZ1UOEEr5LZM8sZp/aYe7G03zKChFSXCQIk9WYCFIL/k5lC6P/pvnzDWkz0FHG7yNdPjsZzINwp19zCNvvO7Vc45rrO2tVjdm3VlonE9PKYEkIY/KAkLM93XeShnAT86+EHzUKCryoNP/vNrytu87ACVXKqRA9urr4F7S2HX0GJQaUcxqDCDmL55ToQs6giVx8rlyQj0oY5QSUGs8YufbP/XuKjuhTbdR4tRmQ8kxAHLAjLazI5SkJ5dX8u9VFCWCx7L9nKo6XOO2w/vYMGdvBw==\n",
            "public_key_pem": "-----BEGIN PUBLIC KEY-----\nMIICIjANBgkqhkiG9w0BAQEFAAOCAg8AMIICCgKCAgEA0ObVq+H6WYAbOPScuFaY\nqs0Lq9YY1SfasHQyricyGZK58QWXe7/SdcA3eeGUXYuz4FDKDywsmy0TG3zqHnCV\ngJDp0goA6v1q3mq7PQX+AXe0zxtXPYUDwOU3AyDvnNT91m+tLGDZjeSwbLO4jiNg\nDPTlKEZQ7RASjEeG7+xHIwxLpwChWYVWZ2vepS8jhHYgv8x5YWad1nKjaxLldqwg\n6VqANV3VJxfW3ySD7ewV2biD7aKxbrb36IeQmx4wNy9YX7MTNwTE5/Kk0slEvqYe\nRjvRNdzi6NjHxrHaTw0O971Ujmoi1/u9YfzMY5ecm9SvyuLuJBXkVjQix7nTJqjT\nZwukalprWBKyMsFVzcGBAhFvoZo76Gi+T3K8SCY1F13R+RPzMssU67qzHKlkh+KF\nTWdVDhBK+S2TPLGaf2mHuxtN8ygoRUlwkCJPVmAhSC/5OZQuj/6b58w1pM9BRxu8\njXT47GcyDcKdfcwjb7zu1XOOa6ztrVY3Zt1ZaJxPTymBJCGPygJCzPd13koZwE/O\nvhB81Cgq8qDT/7za8rbvOwAlVyqkQPbq6+Be0th19BiUGlHMagwg5i+eU6ELOoIl\ncfK5ckI9KGOUElBrPGLn2z/17io7oU23UeLUZkPJMQBywIy2syOUpCeXV/LvVRQl\ngsey/ZyqOlzjtsP72DBnbwcCAwEAAQ==\n-----END PUBLIC KEY-----\n",
            "rsa_bits": 4096
          },
          "sensitive_attributes": [],
          "private": "bnVsbA=="
        }
      ]
    }
  ]
}
